
Microsoft Visual Studio Solution File, Format Version 12.00
# Visual Studio Version 17
VisualStudioVersion = 17.0.31912.275
MinimumVisualStudioVersion = 10.0.40219.1
Project("{FAE04EC0-301F-11D3-BF4B-00C04F79EFBC}") = "BaseClassMethodsHW1", "BaseClassMethodsHW1\BaseClassMethodsHW1.csproj", "{AD8E000E-76CE-49B9-8A99-AB3BD412C88C}"
EndProject
Project("{FAE04EC0-301F-11D3-BF4B-00C04F79EFBC}") = "ClassStudent", "ClassStudent\ClassStudent.csproj", "{A8280B30-137F-4F3D-8FA2-EEB6C4F68433}"
EndProject
Project("{FAE04EC0-301F-11D3-BF4B-00C04F79EFBC}") = "ClassEmployer", "ClassEmployer\ClassEmployer.csproj", "{B46167AB-A0C1-4F00-AFB5-420BA6CA21BB}"
EndProject
Global
	GlobalSection(SolutionConfigurationPlatforms) = preSolution
		Debug|Any CPU = Debug|Any CPU
		Release|Any CPU = Release|Any CPU
	EndGlobalSection
	GlobalSection(ProjectConfigurationPlatforms) = postSolution
		{AD8E000E-76CE-49B9-8A99-AB3BD412C88C}.Debug|Any CPU.ActiveCfg = Debug|Any CPU
		{AD8E000E-76CE-49B9-8A99-AB3BD412C88C}.Debug|Any CPU.Build.0 = Debug|Any CPU
		{AD8E000E-76CE-49B9-8A99-AB3BD412C88C}.Release|Any CPU.ActiveCfg = Release|Any CPU
		{AD8E000E-76CE-49B9-8A99-AB3BD412C88C}.Release|Any CPU.Build.0 = Release|Any CPU
		{A8280B30-137F-4F3D-8FA2-EEB6C4F68433}.Debug|Any CPU.ActiveCfg = Debug|Any CPU
		{A8280B30-137F-4F3D-8FA2-EEB6C4F68433}.Debug|Any CPU.Build.0 = Debug|Any CPU
		{A8280B30-137F-4F3D-8FA2-EEB6C4F68433}.Release|Any CPU.ActiveCfg = Release|Any CPU
		{A8280B30-137F-4F3D-8FA2-EEB6C4F68433}.Release|Any CPU.Build.0 = Release|Any CPU
		{B46167AB-A0C1-4F00-AFB5-420BA6CA21BB}.Debug|Any CPU.ActiveCfg = Debug|Any CPU
		{B46167AB-A0C1-4F00-AFB5-420BA6CA21BB}.Debug|Any CPU.Build.0 = Debug|Any CPU
		{B46167AB-A0C1-4F00-AFB5-420BA6CA21BB}.Release|Any CPU.ActiveCfg = Release|Any CPU
		{B46167AB-A0C1-4F00-AFB5-420BA6CA21BB}.Release|Any CPU.Build.0 = Release|Any CPU
	EndGlobalSection
	GlobalSection(SolutionProperties) = preSolution
		HideSolutionNode = FALSE
	EndGlobalSection
	GlobalSection(ExtensibilityGlobals) = postSolution
		SolutionGuid = {060B6EA6-4B79-4F29-920D-2B9813F43D9A}
	EndGlobalSection
EndGlobal
